
Microsoft Visual Studio Solution File, Format Version 12.00
# Visual Studio Version 16
VisualStudioVersion = 16.0.30011.22
MinimumVisualStudioVersion = 10.0.40219.1
Project("{9A19103F-16F7-4668-BE54-9A1E7A4F7556}") = "TheConfigStandard", "TheConfigStandard.csproj", "{359623AE-2455-4F9D-A89B-B3556035C99C}"
EndProject
Project("{9A19103F-16F7-4668-BE54-9A1E7A4F7556}") = "TheConfigCore", "..\TheConfigCore\TheConfigCore.csproj", "{2491E559-81E0-4824-BA8D-86BC10599785}"
EndProject
Project("{FAE04EC0-301F-11D3-BF4B-00C04F79EFBC}") = "TheConfigFramework", "..\TheConfigFramework\TheConfigFramework.csproj", "{B65B9665-60E1-4B12-B68D-D6A07BE506ED}"
EndProject
Global
	GlobalSection(SolutionConfigurationPlatforms) = preSolution
		Debug|Any CPU = Debug|Any CPU
		Release|Any CPU = Release|Any CPU
	EndGlobalSection
	GlobalSection(ProjectConfigurationPlatforms) = postSolution
		{359623AE-2455-4F9D-A89B-B3556035C99C}.Debug|Any CPU.ActiveCfg = Debug|Any CPU
		{359623AE-2455-4F9D-A89B-B3556035C99C}.Debug|Any CPU.Build.0 = Debug|Any CPU
		{359623AE-2455-4F9D-A89B-B3556035C99C}.Release|Any CPU.ActiveCfg = Release|Any CPU
		{359623AE-2455-4F9D-A89B-B3556035C99C}.Release|Any CPU.Build.0 = Release|Any CPU
		{2491E559-81E0-4824-BA8D-86BC10599785}.Debug|Any CPU.ActiveCfg = Debug|Any CPU
		{2491E559-81E0-4824-BA8D-86BC10599785}.Debug|Any CPU.Build.0 = Debug|Any CPU
		{2491E559-81E0-4824-BA8D-86BC10599785}.Release|Any CPU.ActiveCfg = Release|Any CPU
		{2491E559-81E0-4824-BA8D-86BC10599785}.Release|Any CPU.Build.0 = Release|Any CPU
		{B65B9665-60E1-4B12-B68D-D6A07BE506ED}.Debug|Any CPU.ActiveCfg = Debug|Any CPU
		{B65B9665-60E1-4B12-B68D-D6A07BE506ED}.Debug|Any CPU.Build.0 = Debug|Any CPU
		{B65B9665-60E1-4B12-B68D-D6A07BE506ED}.Release|Any CPU.ActiveCfg = Release|Any CPU
		{B65B9665-60E1-4B12-B68D-D6A07BE506ED}.Release|Any CPU.Build.0 = Release|Any CPU
	EndGlobalSection
	GlobalSection(SolutionProperties) = preSolution
		HideSolutionNode = FALSE
	EndGlobalSection
	GlobalSection(ExtensibilityGlobals) = postSolution
		SolutionGuid = {B05F6BC4-A74D-4E7E-BE0F-3B24F8BCB1DC}
	EndGlobalSection
EndGlobal
