
Microsoft Visual Studio Solution File, Format Version 12.00
# Visual Studio Version 16
VisualStudioVersion = 16.0.30011.22
MinimumVisualStudioVersion = 10.0.40219.1
Project("{2150E333-8FDC-42A3-9474-1A3956D46DE8}") = "Tests", "Tests", "{EE198700-474F-4C94-B62F-2BF8B4C7F988}"
EndProject
Project("{FAE04EC0-301F-11D3-BF4B-00C04F79EFBC}") = "FeatureTogglesFrameworkTests", "FeatureTogglesFrameworkTests\FeatureTogglesFrameworkTests.csproj", "{2AEA9C4C-4D75-449C-A17E-EAD17DECFCB8}"
EndProject
Project("{9A19103F-16F7-4668-BE54-9A1E7A4F7556}") = "FeatureToggles", "FeatureToggles\FeatureToggles.csproj", "{7EED4CE1-ECC4-4E53-9EE5-18C0431E097C}"
EndProject
Project("{9A19103F-16F7-4668-BE54-9A1E7A4F7556}") = "FeatureTogglesCoreTests", "FeatureTogglesCoreTests\FeatureTogglesCoreTests.csproj", "{61779F60-ABC2-4602-BEAD-B002E0BBF249}"
EndProject
Global
	GlobalSection(SolutionConfigurationPlatforms) = preSolution
		Debug|Any CPU = Debug|Any CPU
		Release|Any CPU = Release|Any CPU
	EndGlobalSection
	GlobalSection(ProjectConfigurationPlatforms) = postSolution
		{2AEA9C4C-4D75-449C-A17E-EAD17DECFCB8}.Debug|Any CPU.ActiveCfg = Debug|Any CPU
		{2AEA9C4C-4D75-449C-A17E-EAD17DECFCB8}.Debug|Any CPU.Build.0 = Debug|Any CPU
		{2AEA9C4C-4D75-449C-A17E-EAD17DECFCB8}.Release|Any CPU.ActiveCfg = Release|Any CPU
		{2AEA9C4C-4D75-449C-A17E-EAD17DECFCB8}.Release|Any CPU.Build.0 = Release|Any CPU
		{7EED4CE1-ECC4-4E53-9EE5-18C0431E097C}.Debug|Any CPU.ActiveCfg = Debug|Any CPU
		{7EED4CE1-ECC4-4E53-9EE5-18C0431E097C}.Debug|Any CPU.Build.0 = Debug|Any CPU
		{7EED4CE1-ECC4-4E53-9EE5-18C0431E097C}.Release|Any CPU.ActiveCfg = Release|Any CPU
		{7EED4CE1-ECC4-4E53-9EE5-18C0431E097C}.Release|Any CPU.Build.0 = Release|Any CPU
		{61779F60-ABC2-4602-BEAD-B002E0BBF249}.Debug|Any CPU.ActiveCfg = Debug|Any CPU
		{61779F60-ABC2-4602-BEAD-B002E0BBF249}.Debug|Any CPU.Build.0 = Debug|Any CPU
		{61779F60-ABC2-4602-BEAD-B002E0BBF249}.Release|Any CPU.ActiveCfg = Release|Any CPU
		{61779F60-ABC2-4602-BEAD-B002E0BBF249}.Release|Any CPU.Build.0 = Release|Any CPU
	EndGlobalSection
	GlobalSection(SolutionProperties) = preSolution
		HideSolutionNode = FALSE
	EndGlobalSection
	GlobalSection(NestedProjects) = preSolution
		{2AEA9C4C-4D75-449C-A17E-EAD17DECFCB8} = {EE198700-474F-4C94-B62F-2BF8B4C7F988}
		{61779F60-ABC2-4602-BEAD-B002E0BBF249} = {EE198700-474F-4C94-B62F-2BF8B4C7F988}
	EndGlobalSection
	GlobalSection(ExtensibilityGlobals) = postSolution
		SolutionGuid = {281DD2DD-4EAA-4DE2-BCCF-14186AF71E00}
	EndGlobalSection
EndGlobal
